
Microsoft Visual Studio Solution File, Format Version 12.00
# Visual Studio 15
VisualStudioVersion = 15.0.33423.255
MinimumVisualStudioVersion = 10.0.40219.1
Project("{FAE04EC0-301F-11D3-BF4B-00C04F79EFBC}") = "HOTEL", "HOTEL\HOTEL.csproj", "{EF280436-E0D5-4C8C-8E12-C923769517B4}"
EndProject
Project("{FAE04EC0-301F-11D3-BF4B-00C04F79EFBC}") = "HOTEL.Tests", "HOTEL.Tests\HOTEL.Tests.csproj", "{BB11D2AA-8B18-48BB-A83F-01BED9261F1A}"
EndProject
Global
	GlobalSection(SolutionConfigurationPlatforms) = preSolution
		Debug|Any CPU = Debug|Any CPU
		Release|Any CPU = Release|Any CPU
	EndGlobalSection
	GlobalSection(ProjectConfigurationPlatforms) = postSolution
		{EF280436-E0D5-4C8C-8E12-C923769517B4}.Debug|Any CPU.ActiveCfg = Debug|Any CPU
		{EF280436-E0D5-4C8C-8E12-C923769517B4}.Debug|Any CPU.Build.0 = Debug|Any CPU
		{EF280436-E0D5-4C8C-8E12-C923769517B4}.Release|Any CPU.ActiveCfg = Release|Any CPU
		{EF280436-E0D5-4C8C-8E12-C923769517B4}.Release|Any CPU.Build.0 = Release|Any CPU
		{BB11D2AA-8B18-48BB-A83F-01BED9261F1A}.Debug|Any CPU.ActiveCfg = Debug|Any CPU
		{BB11D2AA-8B18-48BB-A83F-01BED9261F1A}.Debug|Any CPU.Build.0 = Debug|Any CPU
		{BB11D2AA-8B18-48BB-A83F-01BED9261F1A}.Release|Any CPU.ActiveCfg = Release|Any CPU
		{BB11D2AA-8B18-48BB-A83F-01BED9261F1A}.Release|Any CPU.Build.0 = Release|Any CPU
	EndGlobalSection
	GlobalSection(SolutionProperties) = preSolution
		HideSolutionNode = FALSE
	EndGlobalSection
	GlobalSection(ExtensibilityGlobals) = postSolution
		SolutionGuid = {0211E7EF-F309-428B-8D60-A09E60B5509B}
	EndGlobalSection
EndGlobal
